
Microsoft Visual Studio Solution File, Format Version 12.00
# Visual Studio Version 16
VisualStudioVersion = 16.0.29613.14
MinimumVisualStudioVersion = 10.0.40219.1
Project("{FAE04EC0-301F-11D3-BF4B-00C04F79EFBC}") = "Lab4_TiOPO", "Lab4_TiOPO\Lab4_TiOPO.csproj", "{AAAB371E-614B-4744-87F7-3D6DC762AA66}"
EndProject
Project("{FAE04EC0-301F-11D3-BF4B-00C04F79EFBC}") = "RandomGenerator", "RandomGenerator\RandomGenerator.csproj", "{CFADB7E0-0B43-426C-98B3-7474686FE3A6}"
EndProject
Global
	GlobalSection(SolutionConfigurationPlatforms) = preSolution
		Debug|Any CPU = Debug|Any CPU
		Release|Any CPU = Release|Any CPU
	EndGlobalSection
	GlobalSection(ProjectConfigurationPlatforms) = postSolution
		{AAAB371E-614B-4744-87F7-3D6DC762AA66}.Debug|Any CPU.ActiveCfg = Debug|Any CPU
		{AAAB371E-614B-4744-87F7-3D6DC762AA66}.Debug|Any CPU.Build.0 = Debug|Any CPU
		{AAAB371E-614B-4744-87F7-3D6DC762AA66}.Release|Any CPU.ActiveCfg = Release|Any CPU
		{AAAB371E-614B-4744-87F7-3D6DC762AA66}.Release|Any CPU.Build.0 = Release|Any CPU
		{CFADB7E0-0B43-426C-98B3-7474686FE3A6}.Debug|Any CPU.ActiveCfg = Debug|Any CPU
		{CFADB7E0-0B43-426C-98B3-7474686FE3A6}.Debug|Any CPU.Build.0 = Debug|Any CPU
		{CFADB7E0-0B43-426C-98B3-7474686FE3A6}.Release|Any CPU.ActiveCfg = Release|Any CPU
		{CFADB7E0-0B43-426C-98B3-7474686FE3A6}.Release|Any CPU.Build.0 = Release|Any CPU
	EndGlobalSection
	GlobalSection(SolutionProperties) = preSolution
		HideSolutionNode = FALSE
	EndGlobalSection
	GlobalSection(ExtensibilityGlobals) = postSolution
		SolutionGuid = {F9DA5B33-8757-437A-9B76-D642E69775DB}
	EndGlobalSection
EndGlobal
