
Microsoft Visual Studio Solution File, Format Version 12.00
# Visual Studio Version 16
VisualStudioVersion = 16.0.29613.14
MinimumVisualStudioVersion = 10.0.40219.1
Project("{FAE04EC0-301F-11D3-BF4B-00C04F79EFBC}") = "Lab9_TiOPO", "Lab9_TiOPO\Lab9_TiOPO.csproj", "{80598B01-3ED3-47EF-AD23-9A6A51A5086E}"
EndProject
Global
	GlobalSection(SolutionConfigurationPlatforms) = preSolution
		Debug|Any CPU = Debug|Any CPU
		Release|Any CPU = Release|Any CPU
	EndGlobalSection
	GlobalSection(ProjectConfigurationPlatforms) = postSolution
		{80598B01-3ED3-47EF-AD23-9A6A51A5086E}.Debug|Any CPU.ActiveCfg = Debug|Any CPU
		{80598B01-3ED3-47EF-AD23-9A6A51A5086E}.Debug|Any CPU.Build.0 = Debug|Any CPU
		{80598B01-3ED3-47EF-AD23-9A6A51A5086E}.Release|Any CPU.ActiveCfg = Release|Any CPU
		{80598B01-3ED3-47EF-AD23-9A6A51A5086E}.Release|Any CPU.Build.0 = Release|Any CPU
	EndGlobalSection
	GlobalSection(SolutionProperties) = preSolution
		HideSolutionNode = FALSE
	EndGlobalSection
	GlobalSection(ExtensibilityGlobals) = postSolution
		SolutionGuid = {7C1F67F4-601E-402D-A4D6-53D07E1689EB}
	EndGlobalSection
EndGlobal
