
Microsoft Visual Studio Solution File, Format Version 12.00
# Visual Studio Version 16
VisualStudioVersion = 16.0.29613.14
MinimumVisualStudioVersion = 10.0.40219.1
Project("{FAE04EC0-301F-11D3-BF4B-00C04F79EFBC}") = "Lab5_TiOPO", "Lab5_TiOPO\Lab5_TiOPO.csproj", "{6283AC46-0AFD-47AF-8B4B-0C790A02922B}"
EndProject
Project("{FAE04EC0-301F-11D3-BF4B-00C04F79EFBC}") = "ChislGen1", "ChislGen1\ChislGen1.csproj", "{B502311C-4ACA-4E24-98E9-FD60EB2390EF}"
EndProject
Global
	GlobalSection(SolutionConfigurationPlatforms) = preSolution
		Debug|Any CPU = Debug|Any CPU
		Release|Any CPU = Release|Any CPU
	EndGlobalSection
	GlobalSection(ProjectConfigurationPlatforms) = postSolution
		{6283AC46-0AFD-47AF-8B4B-0C790A02922B}.Debug|Any CPU.ActiveCfg = Debug|Any CPU
		{6283AC46-0AFD-47AF-8B4B-0C790A02922B}.Debug|Any CPU.Build.0 = Debug|Any CPU
		{6283AC46-0AFD-47AF-8B4B-0C790A02922B}.Release|Any CPU.ActiveCfg = Release|Any CPU
		{6283AC46-0AFD-47AF-8B4B-0C790A02922B}.Release|Any CPU.Build.0 = Release|Any CPU
		{B502311C-4ACA-4E24-98E9-FD60EB2390EF}.Debug|Any CPU.ActiveCfg = Debug|Any CPU
		{B502311C-4ACA-4E24-98E9-FD60EB2390EF}.Debug|Any CPU.Build.0 = Debug|Any CPU
		{B502311C-4ACA-4E24-98E9-FD60EB2390EF}.Release|Any CPU.ActiveCfg = Release|Any CPU
		{B502311C-4ACA-4E24-98E9-FD60EB2390EF}.Release|Any CPU.Build.0 = Release|Any CPU
	EndGlobalSection
	GlobalSection(SolutionProperties) = preSolution
		HideSolutionNode = FALSE
	EndGlobalSection
	GlobalSection(ExtensibilityGlobals) = postSolution
		SolutionGuid = {80FE03FF-A41E-42EC-BB50-23C5FB921F6A}
	EndGlobalSection
EndGlobal
