
Microsoft Visual Studio Solution File, Format Version 12.00
# Visual Studio Version 16
VisualStudioVersion = 16.0.29613.14
MinimumVisualStudioVersion = 10.0.40219.1
Project("{FAE04EC0-301F-11D3-BF4B-00C04F79EFBC}") = "Lab8_TiOPO", "Lab8_TiOPO\Lab8_TiOPO.csproj", "{8343B6B7-0785-4F86-86D5-E69C5D088E80}"
EndProject
Global
	GlobalSection(SolutionConfigurationPlatforms) = preSolution
		Debug|Any CPU = Debug|Any CPU
		Release|Any CPU = Release|Any CPU
	EndGlobalSection
	GlobalSection(ProjectConfigurationPlatforms) = postSolution
		{8343B6B7-0785-4F86-86D5-E69C5D088E80}.Debug|Any CPU.ActiveCfg = Debug|Any CPU
		{8343B6B7-0785-4F86-86D5-E69C5D088E80}.Debug|Any CPU.Build.0 = Debug|Any CPU
		{8343B6B7-0785-4F86-86D5-E69C5D088E80}.Release|Any CPU.ActiveCfg = Release|Any CPU
		{8343B6B7-0785-4F86-86D5-E69C5D088E80}.Release|Any CPU.Build.0 = Release|Any CPU
	EndGlobalSection
	GlobalSection(SolutionProperties) = preSolution
		HideSolutionNode = FALSE
	EndGlobalSection
	GlobalSection(ExtensibilityGlobals) = postSolution
		SolutionGuid = {D7B00FCF-BCF2-45DB-87D0-2EF369388490}
	EndGlobalSection
EndGlobal
